// !$*UTF8*$!
{
	archiveVersion = 1;
	classes = {
	};
	objectVersion = 48;
	objects = {

/* Begin PBXBuildFile section */
		76118F0B21C5C75A00A0B007 /* Extension.swift in Sources */ = {isa = PBXBuildFile; fileRef = 76118F0A21C5C75A00A0B007 /* Extension.swift */; };
		7627FD3921BD829A00ABF998 /* ChatMessageTableViewCell.swift in Sources */ = {isa = PBXBuildFile; fileRef = 7627FD3821BD829A00ABF998 /* ChatMessageTableViewCell.swift */; };
		7698D88621B3377400FE1E29 /* AppDelegate.swift in Sources */ = {isa = PBXBuildFile; fileRef = 7698D88521B3377400FE1E29 /* AppDelegate.swift */; };
		7698D88821B3377400FE1E29 /* ViewController.swift in Sources */ = {isa = PBXBuildFile; fileRef = 7698D88721B3377400FE1E29 /* ViewController.swift */; };
		7698D88E21B3377400FE1E29 /* ChatApp.xcdatamodeld in Sources */ = {isa = PBXBuildFile; fileRef = 7698D88C21B3377400FE1E29 /* ChatApp.xcdatamodeld */; };
		7698D89021B3377400FE1E29 /* Assets.xcassets in Resources */ = {isa = PBXBuildFile; fileRef = 7698D88F21B3377400FE1E29 /* Assets.xcassets */; };
		7698D89321B3377400FE1E29 /* LaunchScreen.storyboard in Resources */ = {isa = PBXBuildFile; fileRef = 7698D89121B3377400FE1E29 /* LaunchScreen.storyboard */; };
		7698D89E21B3377400FE1E29 /* ChatAppTests.swift in Sources */ = {isa = PBXBuildFile; fileRef = 7698D89D21B3377400FE1E29 /* ChatAppTests.swift */; };
		7698D8A921B3377400FE1E29 /* ChatAppUITests.swift in Sources */ = {isa = PBXBuildFile; fileRef = 7698D8A821B3377400FE1E29 /* ChatAppUITests.swift */; };
/* End PBXBuildFile section */

/* Begin PBXContainerItemProxy section */
		7698D89A21B3377400FE1E29 /* PBXContainerItemProxy */ = {
			isa = PBXContainerItemProxy;
			containerPortal = 7698D87A21B3377400FE1E29 /* Project object */;
			proxyType = 1;
			remoteGlobalIDString = 7698D88121B3377400FE1E29;
			remoteInfo = ChatApp;
		};
		7698D8A521B3377400FE1E29 /* PBXContainerItemProxy */ = {
			isa = PBXContainerItemProxy;
			containerPortal = 7698D87A21B3377400FE1E29 /* Project object */;
			proxyType = 1;
			remoteGlobalIDString = 7698D88121B3377400FE1E29;
			remoteInfo = ChatApp;
		};
/* End PBXContainerItemProxy section */

/* Begin PBXFileReference section */
		76118F0A21C5C75A00A0B007 /* Extension.swift */ = {isa = PBXFileReference; lastKnownFileType = sourcecode.swift; path = Extension.swift; sourceTree = "<group>"; };
		7627FD3821BD829A00ABF998 /* ChatMessageTableViewCell.swift */ = {isa = PBXFileReference; lastKnownFileType = sourcecode.swift; path = ChatMessageTableViewCell.swift; sourceTree = "<group>"; };
		7698D88221B3377400FE1E29 /* ChatApp.app */ = {isa = PBXFileReference; explicitFileType = wrapper.application; includeInIndex = 0; path = ChatApp.app; sourceTree = BUILT_PRODUCTS_DIR; };
		7698D88521B3377400FE1E29 /* AppDelegate.swift */ = {isa = PBXFileReference; lastKnownFileType = sourcecode.swift; path = AppDelegate.swift; sourceTree = "<group>"; };
		7698D88721B3377400FE1E29 /* ViewController.swift */ = {isa = PBXFileReference; lastKnownFileType = sourcecode.swift; path = ViewController.swift; sourceTree = "<group>"; };
		7698D88D21B3377400FE1E29 /* ChatApp.xcdatamodel */ = {isa = PBXFileReference; lastKnownFileType = wrapper.xcdatamodel; path = ChatApp.xcdatamodel; sourceTree = "<group>"; };
		7698D88F21B3377400FE1E29 /* Assets.xcassets */ = {isa = PBXFileReference; lastKnownFileType = folder.assetcatalog; path = Assets.xcassets; sourceTree = "<group>"; };
		7698D89221B3377400FE1E29 /* Base */ = {isa = PBXFileReference; lastKnownFileType = file.storyboard; name = Base; path = Base.lproj/LaunchScreen.storyboard; sourceTree = "<group>"; };
		7698D89421B3377400FE1E29 /* Info.plist */ = {isa = PBXFileReference; lastKnownFileType = text.plist.xml; path = Info.plist; sourceTree = "<group>"; };
		7698D89921B3377400FE1E29 /* ChatAppTests.xctest */ = {isa = PBXFileReference; explicitFileType = wrapper.cfbundle; includeInIndex = 0; path = ChatAppTests.xctest; sourceTree = BUILT_PRODUCTS_DIR; };
		7698D89D21B3377400FE1E29 /* ChatAppTests.swift */ = {isa = PBXFileReference; lastKnownFileType = sourcecode.swift; path = ChatAppTests.swift; sourceTree = "<group>"; };
		7698D89F21B3377400FE1E29 /* Info.plist */ = {isa = PBXFileReference; lastKnownFileType = text.plist.xml; path = Info.plist; sourceTree = "<group>"; };
		7698D8A421B3377400FE1E29 /* ChatAppUITests.xctest */ = {isa = PBXFileReference; explicitFileType = wrapper.cfbundle; includeInIndex = 0; path = ChatAppUITests.xctest; sourceTree = BUILT_PRODUCTS_DIR; };
		7698D8A821B3377400FE1E29 /* ChatAppUITests.swift */ = {isa = PBXFileReference; lastKnownFileType = sourcecode.swift; path = ChatAppUITests.swift; sourceTree = "<group>"; };
		7698D8AA21B3377400FE1E29 /* Info.plist */ = {isa = PBXFileReference; lastKnownFileType = text.plist.xml; path = Info.plist; sourceTree = "<group>"; };
/* End PBXFileReference section */

/* Begin PBXFrameworksBuildPhase section */
		7698D87F21B3377400FE1E29 /* Frameworks */ = {
			isa = PBXFrameworksBuildPhase;
			buildActionMask = 2147483647;
			files = (
			);
			runOnlyForDeploymentPostprocessing = 0;
		};
		7698D89621B3377400FE1E29 /* Frameworks */ = {
			isa = PBXFrameworksBuildPhase;
			buildActionMask = 2147483647;
			files = (
			);
			runOnlyForDeploymentPostprocessing = 0;
		};
		7698D8A121B3377400FE1E29 /* Frameworks */ = {
			isa = PBXFrameworksBuildPhase;
			buildActionMask = 2147483647;
			files = (
			);
			runOnlyForDeploymentPostprocessing = 0;
		};
/* End PBXFrameworksBuildPhase section */

/* Begin PBXGroup section */
		76118F0921C5C74400A0B007 /* Extensions */ = {
			isa = PBXGroup;
			children = (
				76118F0A21C5C75A00A0B007 /* Extension.swift */,
			);
			path = Extensions;
			sourceTree = "<group>";
		};
		76118F0C21C5C7B100A0B007 /* Controllers */ = {
			isa = PBXGroup;
			children = (
				7698D88721B3377400FE1E29 /* ViewController.swift */,
			);
			path = Controllers;
			sourceTree = "<group>";
		};
		76118F0D21C5C7C200A0B007 /* CustomCell */ = {
			isa = PBXGroup;
			children = (
				7627FD3821BD829A00ABF998 /* ChatMessageTableViewCell.swift */,
			);
			path = CustomCell;
			sourceTree = "<group>";
		};
		7698D87921B3377400FE1E29 = {
			isa = PBXGroup;
			children = (
				7698D88421B3377400FE1E29 /* ChatApp */,
				7698D89C21B3377400FE1E29 /* ChatAppTests */,
				7698D8A721B3377400FE1E29 /* ChatAppUITests */,
				7698D88321B3377400FE1E29 /* Products */,
			);
			sourceTree = "<group>";
		};
		7698D88321B3377400FE1E29 /* Products */ = {
			isa = PBXGroup;
			children = (
				7698D88221B3377400FE1E29 /* ChatApp.app */,
				7698D89921B3377400FE1E29 /* ChatAppTests.xctest */,
				7698D8A421B3377400FE1E29 /* ChatAppUITests.xctest */,
			);
			name = Products;
			sourceTree = "<group>";
		};
		7698D88421B3377400FE1E29 /* ChatApp */ = {
			isa = PBXGroup;
			children = (
				76118F0D21C5C7C200A0B007 /* CustomCell */,
				76118F0C21C5C7B100A0B007 /* Controllers */,
				76118F0921C5C74400A0B007 /* Extensions */,
				7698D88521B3377400FE1E29 /* AppDelegate.swift */,
				7698D88F21B3377400FE1E29 /* Assets.xcassets */,
				7698D89121B3377400FE1E29 /* LaunchScreen.storyboard */,
				7698D89421B3377400FE1E29 /* Info.plist */,
				7698D88C21B3377400FE1E29 /* ChatApp.xcdatamodeld */,
			);
			path = ChatApp;
			sourceTree = "<group>";
		};
		7698D89C21B3377400FE1E29 /* ChatAppTests */ = {
			isa = PBXGroup;
			children = (
				7698D89D21B3377400FE1E29 /* ChatAppTests.swift */,
				7698D89F21B3377400FE1E29 /* Info.plist */,
			);
			path = ChatAppTests;
			sourceTree = "<group>";
		};
		7698D8A721B3377400FE1E29 /* ChatAppUITests */ = {
			isa = PBXGroup;
			children = (
				7698D8A821B3377400FE1E29 /* ChatAppUITests.swift */,
				7698D8AA21B3377400FE1E29 /* Info.plist */,
			);
			path = ChatAppUITests;
			sourceTree = "<group>";
		};
/* End PBXGroup section */

/* Begin PBXNativeTarget section */
		7698D88121B3377400FE1E29 /* ChatApp */ = {
			isa = PBXNativeTarget;
			buildConfigurationList = 7698D8AD21B3377400FE1E29 /* Build configuration list for PBXNativeTarget "ChatApp" */;
			buildPhases = (
				7698D87E21B3377400FE1E29 /* Sources */,
				7698D87F21B3377400FE1E29 /* Frameworks */,
				7698D88021B3377400FE1E29 /* Resources */,
			);
			buildRules = (
			);
			dependencies = (
			);
			name = ChatApp;
			productName = ChatApp;
			productReference = 7698D88221B3377400FE1E29 /* ChatApp.app */;
			productType = "com.apple.product-type.application";
		};
		7698D89821B3377400FE1E29 /* ChatAppTests */ = {
			isa = PBXNativeTarget;
			buildConfigurationList = 7698D8B021B3377400FE1E29 /* Build configuration list for PBXNativeTarget "ChatAppTests" */;
			buildPhases = (
				7698D89521B3377400FE1E29 /* Sources */,
				7698D89621B3377400FE1E29 /* Frameworks */,
				7698D89721B3377400FE1E29 /* Resources */,
			);
			buildRules = (
			);
			dependencies = (
				7698D89B21B3377400FE1E29 /* PBXTargetDependency */,
			);
			name = ChatAppTests;
			productName = ChatAppTests;
			productReference = 7698D89921B3377400FE1E29 /* ChatAppTests.xctest */;
			productType = "com.apple.product-type.bundle.unit-test";
		};
		7698D8A321B3377400FE1E29 /* ChatAppUITests */ = {
			isa = PBXNativeTarget;
			buildConfigurationList = 7698D8B321B3377400FE1E29 /* Build configuration list for PBXNativeTarget "ChatAppUITests" */;
			buildPhases = (
				7698D8A021B3377400FE1E29 /* Sources */,
				7698D8A121B3377400FE1E29 /* Frameworks */,
				7698D8A221B3377400FE1E29 /* Resources */,
			);
			buildRules = (
			);
			dependencies = (
				7698D8A621B3377400FE1E29 /* PBXTargetDependency */,
			);
			name = ChatAppUITests;
			productName = ChatAppUITests;
			productReference = 7698D8A421B3377400FE1E29 /* ChatAppUITests.xctest */;
			productType = "com.apple.product-type.bundle.ui-testing";
		};
/* End PBXNativeTarget section */

/* Begin PBXProject section */
		7698D87A21B3377400FE1E29 /* Project object */ = {
			isa = PBXProject;
			attributes = {
				LastSwiftUpdateCheck = 0920;
				LastUpgradeCheck = 0920;
				ORGANIZATIONNAME = "MACBOOK PRO RETINA";
				TargetAttributes = {
					7698D88121B3377400FE1E29 = {
						CreatedOnToolsVersion = 9.2;
						ProvisioningStyle = Automatic;
					};
					7698D89821B3377400FE1E29 = {
						CreatedOnToolsVersion = 9.2;
						ProvisioningStyle = Automatic;
						TestTargetID = 7698D88121B3377400FE1E29;
					};
					7698D8A321B3377400FE1E29 = {
						CreatedOnToolsVersion = 9.2;
						ProvisioningStyle = Automatic;
						TestTargetID = 7698D88121B3377400FE1E29;
					};
				};
			};
			buildConfigurationList = 7698D87D21B3377400FE1E29 /* Build configuration list for PBXProject "ChatApp" */;
			compatibilityVersion = "Xcode 8.0";
			developmentRegion = en;
			hasScannedForEncodings = 0;
			knownRegions = (
				en,
				Base,
			);
			mainGroup = 7698D87921B3377400FE1E29;
			productRefGroup = 7698D88321B3377400FE1E29 /* Products */;
			projectDirPath = "";
			projectRoot = "";
			targets = (
				7698D88121B3377400FE1E29 /* ChatApp */,
				7698D89821B3377400FE1E29 /* ChatAppTests */,
				7698D8A321B3377400FE1E29 /* ChatAppUITests */,
			);
		};
/* End PBXProject section */

/* Begin PBXResourcesBuildPhase section */
		7698D88021B3377400FE1E29 /* Resources */ = {
			isa = PBXResourcesBuildPhase;
			buildActionMask = 2147483647;
			files = (
				7698D89321B3377400FE1E29 /* LaunchScreen.storyboard in Resources */,
				7698D89021B3377400FE1E29 /* Assets.xcassets in Resources */,
			);
			runOnlyForDeploymentPostprocessing = 0;
		};
		7698D89721B3377400FE1E29 /* Resources */ = {
			isa = PBXResourcesBuildPhase;
			buildActionMask = 2147483647;
			files = (
			);
			runOnlyForDeploymentPostprocessing = 0;
		};
		7698D8A221B3377400FE1E29 /* Resources */ = {
			isa = PBXResourcesBuildPhase;
			buildActionMask = 2147483647;
			files = (
			);
			runOnlyForDeploymentPostprocessing = 0;
		};
/* End PBXResourcesBuildPhase section */

/* Begin PBXSourcesBuildPhase section */
		7698D87E21B3377400FE1E29 /* Sources */ = {
			isa = PBXSourcesBuildPhase;
			buildActionMask = 2147483647;
			files = (
				76118F0B21C5C75A00A0B007 /* Extension.swift in Sources */,
				7698D88E21B3377400FE1E29 /* ChatApp.xcdatamodeld in Sources */,
				7627FD3921BD829A00ABF998 /* ChatMessageTableViewCell.swift in Sources */,
				7698D88821B3377400FE1E29 /* ViewController.swift in Sources */,
				7698D88621B3377400FE1E29 /* AppDelegate.swift in Sources */,
			);
			runOnlyForDeploymentPostprocessing = 0;
		};
		7698D89521B3377400FE1E29 /* Sources */ = {
			isa = PBXSourcesBuildPhase;
			buildActionMask = 2147483647;
			files = (
				7698D89E21B3377400FE1E29 /* ChatAppTests.swift in Sources */,
			);
			runOnlyForDeploymentPostprocessing = 0;
		};
		7698D8A021B3377400FE1E29 /* Sources */ = {
			isa = PBXSourcesBuildPhase;
			buildActionMask = 2147483647;
			files = (
				7698D8A921B3377400FE1E29 /* ChatAppUITests.swift in Sources */,
			);
			runOnlyForDeploymentPostprocessing = 0;
		};
/* End PBXSourcesBuildPhase section */

/* Begin PBXTargetDependency section */
		7698D89B21B3377400FE1E29 /* PBXTargetDependency */ = {
			isa = PBXTargetDependency;
			target = 7698D88121B3377400FE1E29 /* ChatApp */;
			targetProxy = 7698D89A21B3377400FE1E29 /* PBXContainerItemProxy */;
		};
		7698D8A621B3377400FE1E29 /* PBXTargetDependency */ = {
			isa = PBXTargetDependency;
			target = 7698D88121B3377400FE1E29 /* ChatApp */;
			targetProxy = 7698D8A521B3377400FE1E29 /* PBXContainerItemProxy */;
		};
/* End PBXTargetDependency section */

/* Begin PBXVariantGroup section */
		7698D89121B3377400FE1E29 /* LaunchScreen.storyboard */ = {
			isa = PBXVariantGroup;
			children = (
				7698D89221B3377400FE1E29 /* Base */,
			);
			name = LaunchScreen.storyboard;
			sourceTree = "<group>";
		};
/* End PBXVariantGroup section */

/* Begin XCBuildConfiguration section */
		7698D8AB21B3377400FE1E29 /* Debug */ = {
			isa = XCBuildConfiguration;
			buildSettings = {
				ALWAYS_SEARCH_USER_PATHS = NO;
				CLANG_ANALYZER_NONNULL = YES;
				CLANG_ANALYZER_NUMBER_OBJECT_CONVERSION = YES_AGGRESSIVE;
				CLANG_CXX_LANGUAGE_STANDARD = "gnu++14";
				CLANG_CXX_LIBRARY = "libc++";
				CLANG_ENABLE_MODULES = YES;
				CLANG_ENABLE_OBJC_ARC = YES;
				CLANG_WARN_BLOCK_CAPTURE_AUTORELEASING = YES;
				CLANG_WARN_BOOL_CONVERSION = YES;
				CLANG_WARN_COMMA = YES;
				CLANG_WARN_CONSTANT_CONVERSION = YES;
				CLANG_WARN_DIRECT_OBJC_ISA_USAGE = YES_ERROR;
				CLANG_WARN_DOCUMENTATION_COMMENTS = YES;
				CLANG_WARN_EMPTY_BODY = YES;
				CLANG_WARN_ENUM_CONVERSION = YES;
				CLANG_WARN_INFINITE_RECURSION = YES;
				CLANG_WARN_INT_CONVERSION = YES;
				CLANG_WARN_NON_LITERAL_NULL_CONVERSION = YES;
				CLANG_WARN_OBJC_LITERAL_CONVERSION = YES;
				CLANG_WARN_OBJC_ROOT_CLASS = YES_ERROR;
				CLANG_WARN_RANGE_LOOP_ANALYSIS = YES;
				CLANG_WARN_STRICT_PROTOTYPES = YES;
				CLANG_WARN_SUSPICIOUS_MOVE = YES;
				CLANG_WARN_UNGUARDED_AVAILABILITY = YES_AGGRESSIVE;
				CLANG_WARN_UNREACHABLE_CODE = YES;
				CLANG_WARN__DUPLICATE_METHOD_MATCH = YES;
				CODE_SIGN_IDENTITY = "iPhone Developer";
				COPY_PHASE_STRIP = NO;
				DEBUG_INFORMATION_FORMAT = dwarf;
				ENABLE_STRICT_OBJC_MSGSEND = YES;
				ENABLE_TESTABILITY = YES;
				GCC_C_LANGUAGE_STANDARD = gnu11;
				GCC_DYNAMIC_NO_PIC = NO;
				GCC_NO_COMMON_BLOCKS = YES;
				GCC_OPTIMIZATION_LEVEL = 0;
				GCC_PREPROCESSOR_DEFINITIONS = (
					"DEBUG=1",
					"$(inherited)",
				);
				GCC_WARN_64_TO_32_BIT_CONVERSION = YES;
				GCC_WARN_ABOUT_RETURN_TYPE = YES_ERROR;
				GCC_WARN_UNDECLARED_SELECTOR = YES;
				GCC_WARN_UNINITIALIZED_AUTOS = YES_AGGRESSIVE;
				GCC_WARN_UNUSED_FUNCTION = YES;
				GCC_WARN_UNUSED_VARIABLE = YES;
				IPHONEOS_DEPLOYMENT_TARGET = 11.2;
				MTL_ENABLE_DEBUG_INFO = YES;
				ONLY_ACTIVE_ARCH = YES;
				SDKROOT = iphoneos;
				SWIFT_ACTIVE_COMPILATION_CONDITIONS = DEBUG;
				SWIFT_OPTIMIZATION_LEVEL = "-Onone";
			};
			name = Debug;
		};
		7698D8AC21B3377400FE1E29 /* Release */ = {
			isa = XCBuildConfiguration;
			buildSettings = {
				ALWAYS_SEARCH_USER_PATHS = NO;
				CLANG_ANALYZER_NONNULL = YES;
				CLANG_ANALYZER_NUMBER_OBJECT_CONVERSION = YES_AGGRESSIVE;
				CLANG_CXX_LANGUAGE_STANDARD = "gnu++14";
				CLANG_CXX_LIBRARY = "libc++";
				CLANG_ENABLE_MODULES = YES;
				CLANG_ENABLE_OBJC_ARC = YES;
				CLANG_WARN_BLOCK_CAPTURE_AUTORELEASING = YES;
				CLANG_WARN_BOOL_CONVERSION = YES;
				CLANG_WARN_COMMA = YES;
				CLANG_WARN_CONSTANT_CONVERSION = YES;
				CLANG_WARN_DIRECT_OBJC_ISA_USAGE = YES_ERROR;
				CLANG_WARN_DOCUMENTATION_COMMENTS = YES;
				CLANG_WARN_EMPTY_BODY = YES;
				CLANG_WARN_ENUM_CONVERSION = YES;
				CLANG_WARN_INFINITE_RECURSION = YES;
				CLANG_WARN_INT_CONVERSION = YES;
				CLANG_WARN_NON_LITERAL_NULL_CONVERSION = YES;
				CLANG_WARN_OBJC_LITERAL_CONVERSION = YES;
				CLANG_WARN_OBJC_ROOT_CLASS = YES_ERROR;
				CLANG_WARN_RANGE_LOOP_ANALYSIS = YES;
				CLANG_WARN_STRICT_PROTOTYPES = YES;
				CLANG_WARN_SUSPICIOUS_MOVE = YES;
				CLANG_WARN_UNGUARDED_AVAILABILITY = YES_AGGRESSIVE;
				CLANG_WARN_UNREACHABLE_CODE = YES;
				CLANG_WARN__DUPLICATE_METHOD_MATCH = YES;
				CODE_SIGN_IDENTITY = "iPhone Developer";
				COPY_PHASE_STRIP = NO;
				DEBUG_INFORMATION_FORMAT = "dwarf-with-dsym";
				ENABLE_NS_ASSERTIONS = NO;
				ENABLE_STRICT_OBJC_MSGSEND = YES;
				GCC_C_LANGUAGE_STANDARD = gnu11;
				GCC_NO_COMMON_BLOCKS = YES;
				GCC_WARN_64_TO_32_BIT_CONVERSION = YES;
				GCC_WARN_ABOUT_RETURN_TYPE = YES_ERROR;
				GCC_WARN_UNDECLARED_SELECTOR = YES;
				GCC_WARN_UNINITIALIZED_AUTOS = YES_AGGRESSIVE;
				GCC_WARN_UNUSED_FUNCTION = YES;
				GCC_WARN_UNUSED_VARIABLE = YES;
				IPHONEOS_DEPLOYMENT_TARGET = 11.2;
				MTL_ENABLE_DEBUG_INFO = NO;
				SDKROOT = iphoneos;
				SWIFT_OPTIMIZATION_LEVEL = "-Owholemodule";
				VALIDATE_PRODUCT = YES;
			};
			name = Release;
		};
		7698D8AE21B3377400FE1E29 /* Debug */ = {
			isa = XCBuildConfiguration;
			buildSettings = {
				ASSETCATALOG_COMPILER_APPICON_NAME = AppIcon;
				CODE_SIGN_STYLE = Automatic;
				DEVELOPMENT_TEAM = WG5JPDZ522;
				INFOPLIST_FILE = ChatApp/Info.plist;
				LD_RUNPATH_SEARCH_PATHS = "$(inherited) @executable_path/Frameworks";
				PRODUCT_BUNDLE_IDENTIFIER = test.ChatApp;
				PRODUCT_NAME = "$(TARGET_NAME)";
				SWIFT_VERSION = 4.0;
				TARGETED_DEVICE_FAMILY = "1,2";
			};
			name = Debug;
		};
		7698D8AF21B3377400FE1E29 /* Release */ = {
			isa = XCBuildConfiguration;
			buildSettings = {
				ASSETCATALOG_COMPILER_APPICON_NAME = AppIcon;
				CODE_SIGN_STYLE = Automatic;
				DEVELOPMENT_TEAM = WG5JPDZ522;
				INFOPLIST_FILE = ChatApp/Info.plist;
				LD_RUNPATH_SEARCH_PATHS = "$(inherited) @executable_path/Frameworks";
				PRODUCT_BUNDLE_IDENTIFIER = test.ChatApp;
				PRODUCT_NAME = "$(TARGET_NAME)";
				SWIFT_VERSION = 4.0;
				TARGETED_DEVICE_FAMILY = "1,2";
			};
			name = Release;
		};
		7698D8B121B3377400FE1E29 /* Debug */ = {
			isa = XCBuildConfiguration;
			buildSettings = {
				ALWAYS_EMBED_SWIFT_STANDARD_LIBRARIES = YES;
				BUNDLE_LOADER = "$(TEST_HOST)";
				CODE_SIGN_STYLE = Automatic;
				DEVELOPMENT_TEAM = WG5JPDZ522;
				INFOPLIST_FILE = ChatAppTests/Info.plist;
				LD_RUNPATH_SEARCH_PATHS = "$(inherited) @executable_path/Frameworks @loader_path/Frameworks";
				PRODUCT_BUNDLE_IDENTIFIER = test.ChatAppTests;
				PRODUCT_NAME = "$(TARGET_NAME)";
				SWIFT_VERSION = 4.0;
				TARGETED_DEVICE_FAMILY = "1,2";
				TEST_HOST = "$(BUILT_PRODUCTS_DIR)/ChatApp.app/ChatApp";
			};
			name = Debug;
		};
		7698D8B221B3377400FE1E29 /* Release */ = {
			isa = XCBuildConfiguration;
			buildSettings = {
				ALWAYS_EMBED_SWIFT_STANDARD_LIBRARIES = YES;
				BUNDLE_LOADER = "$(TEST_HOST)";
				CODE_SIGN_STYLE = Automatic;
				DEVELOPMENT_TEAM = WG5JPDZ522;
				INFOPLIST_FILE = ChatAppTests/Info.plist;
				LD_RUNPATH_SEARCH_PATHS = "$(inherited) @executable_path/Frameworks @loader_path/Frameworks";
				PRODUCT_BUNDLE_IDENTIFIER = test.ChatAppTests;
				PRODUCT_NAME = "$(TARGET_NAME)";
				SWIFT_VERSION = 4.0;
				TARGETED_DEVICE_FAMILY = "1,2";
				TEST_HOST = "$(BUILT_PRODUCTS_DIR)/ChatApp.app/ChatApp";
			};
			name = Release;
		};
		7698D8B421B3377400FE1E29 /* Debug */ = {
			isa = XCBuildConfiguration;
			buildSettings = {
				ALWAYS_EMBED_SWIFT_STANDARD_LIBRARIES = YES;
				CODE_SIGN_STYLE = Automatic;
				DEVELOPMENT_TEAM = WG5JPDZ522;
				INFOPLIST_FILE = ChatAppUITests/Info.plist;
				LD_RUNPATH_SEARCH_PATHS = "$(inherited) @executable_path/Frameworks @loader_path/Frameworks";
				PRODUCT_BUNDLE_IDENTIFIER = test.ChatAppUITests;
				PRODUCT_NAME = "$(TARGET_NAME)";
				SWIFT_VERSION = 4.0;
				TARGETED_DEVICE_FAMILY = "1,2";
				TEST_TARGET_NAME = ChatApp;
			};
			name = Debug;
		};
		7698D8B521B3377400FE1E29 /* Release */ = {
			isa = XCBuildConfiguration;
			buildSettings = {
				ALWAYS_EMBED_SWIFT_STANDARD_LIBRARIES = YES;
				CODE_SIGN_STYLE = Automatic;
				DEVELOPMENT_TEAM = WG5JPDZ522;
				INFOPLIST_FILE = ChatAppUITests/Info.plist;
				LD_RUNPATH_SEARCH_PATHS = "$(inherited) @executable_path/Frameworks @loader_path/Frameworks";
				PRODUCT_BUNDLE_IDENTIFIER = test.ChatAppUITests;
				PRODUCT_NAME = "$(TARGET_NAME)";
				SWIFT_VERSION = 4.0;
				TARGETED_DEVICE_FAMILY = "1,2";
				TEST_TARGET_NAME = ChatApp;
			};
			name = Release;
		};
/* End XCBuildConfiguration section */

/* Begin XCConfigurationList section */
		7698D87D21B3377400FE1E29 /* Build configuration list for PBXProject "ChatApp" */ = {
			isa = XCConfigurationList;
			buildConfigurations = (
				7698D8AB21B3377400FE1E29 /* Debug */,
				7698D8AC21B3377400FE1E29 /* Release */,
			);
			defaultConfigurationIsVisible = 0;
			defaultConfigurationName = Release;
		};
		7698D8AD21B3377400FE1E29 /* Build configuration list for PBXNativeTarget "ChatApp" */ = {
			isa = XCConfigurationList;
			buildConfigurations = (
				7698D8AE21B3377400FE1E29 /* Debug */,
				7698D8AF21B3377400FE1E29 /* Release */,
			);
			defaultConfigurationIsVisible = 0;
			defaultConfigurationName = Release;
		};
		7698D8B021B3377400FE1E29 /* Build configuration list for PBXNativeTarget "ChatAppTests" */ = {
			isa = XCConfigurationList;
			buildConfigurations = (
				7698D8B121B3377400FE1E29 /* Debug */,
				7698D8B221B3377400FE1E29 /* Release */,
			);
			defaultConfigurationIsVisible = 0;
			defaultConfigurationName = Release;
		};
		7698D8B321B3377400FE1E29 /* Build configuration list for PBXNativeTarget "ChatAppUITests" */ = {
			isa = XCConfigurationList;
			buildConfigurations = (
				7698D8B421B3377400FE1E29 /* Debug */,
				7698D8B521B3377400FE1E29 /* Release */,
			);
			defaultConfigurationIsVisible = 0;
			defaultConfigurationName = Release;
		};
/* End XCConfigurationList section */

/* Begin XCVersionGroup section */
		7698D88C21B3377400FE1E29 /* ChatApp.xcdatamodeld */ = {
			isa = XCVersionGroup;
			children = (
				7698D88D21B3377400FE1E29 /* ChatApp.xcdatamodel */,
			);
			currentVersion = 7698D88D21B3377400FE1E29 /* ChatApp.xcdatamodel */;
			path = ChatApp.xcdatamodeld;
			sourceTree = "<group>";
			versionGroupType = wrapper.xcdatamodel;
		};
/* End XCVersionGroup section */
	};
	rootObject = 7698D87A21B3377400FE1E29 /* Project object */;
}
